# THIS IS AN AUTOGENERATED FILE. DO NOT EDIT THIS FILE DIRECTLY.
# yarn lockfile v1


"@capacitor/android@^2.4.7":
  version "2.5.0"
  resolved "https://registry.yarnpkg.com/@capacitor/android/-/android-2.5.0.tgz#143d7b3b0131af221b4a1fca778fc207f3d235a6"
  integrity sha512-W25F9GRuqNAN9D6Sd5Lj21ibGqzd8006Tf3mfai6MJj8DB3a1TMp+hueRwt+WhDJAS+T2pnljuR3FD/jd4u2Rw==
