# THIS IS AN AUTOGENERATED FILE. DO NOT EDIT THIS FILE DIRECTLY.
# yarn lockfile v1


"@capacitor/android@^3.0.0":
  version "3.6.0"
  resolved "https://registry.yarnpkg.com/@capacitor/android/-/android-3.6.0.tgz#60438a0614415c7c242dda48a031cd45335e067a"
  integrity sha512-X6n0OLy7BE3c6qfVuL7UYyq/aIwEsqIAqtyDOwMdj5k+P1rLQVsGaWERXUtC0BGeoKBD5YgbWiyKwAwg5Spjdg==
